dependencies:
- name: mysql
  repository: https://charts.helm.sh/stable/
  version: 1.6.2
- name: todo_test
  repository: ""
  version: 0.1.0
- name: istio-endpoint
  repository: oci://505063636372.dkr.ecr.us-east-1.amazonaws.com
  version: 0.0.9
- name: istio-endpoint
  repository: oci://505063636372.dkr.ecr.us-east-1.amazonaws.com
  version: 0.0.9
- name: istio-endpoint
  repository: oci://505063636372.dkr.ecr.us-east-1.amazonaws.com
  version: 0.0.9
- name: istio-endpoint
  repository: oci://505063636372.dkr.ecr.us-east-1.amazonaws.com
  version: 0.0.9
- name: istio-endpoint
  repository: oci://505063636372.dkr.ecr.us-east-1.amazonaws.com
  version: 0.0.9
- name: istio-endpoint
  repository: oci://505063636372.dkr.ecr.us-east-1.amazonaws.com
  version: 0.0.9
- name: istio-endpoint
  repository: oci://505063636372.dkr.ecr.us-east-1.amazonaws.com
  version: 0.0.9
- name: istio-endpoint
  repository: oci://505063636372.dkr.ecr.us-east-1.amazonaws.com
  version: 0.0.9
- name: istio-endpoint
  repository: oci://505063636372.dkr.ecr.us-east-1.amazonaws.com
  version: 0.0.9
- name: istio-endpoint
  repository: oci://505063636372.dkr.ecr.us-east-1.amazonaws.com
  version: 0.0.9
- name: istio-endpoint
  repository: oci://505063636372.dkr.ecr.us-east-1.amazonaws.com
  version: 0.0.9
- name: istio-endpoint
  repository: oci://505063636372.dkr.ecr.us-east-1.amazonaws.com
  version: 0.0.9
- name: istio-endpoint
  repository: oci://505063636372.dkr.ecr.us-east-1.amazonaws.com
  version: 0.0.9
- name: istio-endpoint
  repository: oci://505063636372.dkr.ecr.us-east-1.amazonaws.com
  version: 0.0.9
- name: istio-endpoint
  repository: oci://505063636372.dkr.ecr.us-east-1.amazonaws.com
  version: 0.0.9
- name: istio-endpoint
  repository: oci://505063636372.dkr.ecr.us-east-1.amazonaws.com
  version: 0.0.9
- name: istio-endpoint
  repository: oci://505063636372.dkr.ecr.us-east-1.amazonaws.com
  version: 0.0.9
- name: istio-endpoint
  repository: oci://505063636372.dkr.ecr.us-east-1.amazonaws.com
  version: 0.0.9
digest: sha256:a1ecdcc9c7e997da574b4e01d7ac2f499071be8de452ceb249477055f7cdd11e
generated: "2021-07-06T17:09:18.36207608-07:00"
